
Microsoft Visual Studio Solution File, Format Version 12.00
# Visual Studio Version 16
VisualStudioVersion = 16.0.29911.84
MinimumVisualStudioVersion = 10.0.40219.1
Project("{FAE04EC0-301F-11D3-BF4B-00C04F79EFBC}") = "CO2_CORE_DLL_NETCORE", "CO2_CORE_DLL_NETCORE.csproj", "{C6DCB0ED-88A2-4185-AE0E-292157606C02}"
EndProject
Global
	GlobalSection(SolutionConfigurationPlatforms) = preSolution
		Debug|Any CPU = Debug|Any CPU
		Release|Any CPU = Release|Any CPU
	EndGlobalSection
	GlobalSection(ProjectConfigurationPlatforms) = postSolution
		{C6DCB0ED-88A2-4185-AE0E-292157606C02}.Debug|Any CPU.ActiveCfg = Debug|Any CPU
		{C6DCB0ED-88A2-4185-AE0E-292157606C02}.Debug|Any CPU.Build.0 = Debug|Any CPU
		{C6DCB0ED-88A2-4185-AE0E-292157606C02}.Release|Any CPU.ActiveCfg = Release|Any CPU
		{C6DCB0ED-88A2-4185-AE0E-292157606C02}.Release|Any CPU.Build.0 = Release|Any CPU
	EndGlobalSection
	GlobalSection(SolutionProperties) = preSolution
		HideSolutionNode = FALSE
	EndGlobalSection
	GlobalSection(ExtensibilityGlobals) = postSolution
		SolutionGuid = {427569ED-C795-4093-A6C3-B012EF34C4F6}
	EndGlobalSection
EndGlobal
